
Microsoft Visual Studio Solution File, Format Version 12.00
# Visual Studio Version 16
VisualStudioVersion = 16.0.29509.3
MinimumVisualStudioVersion = 10.0.40219.1
Project("{FAE04EC0-301F-11D3-BF4B-00C04F79EFBC}") = "Ngo.Prayas", "Ngo.Prayas\Ngo.Prayas.csproj", "{A0D43A2B-6E40-4358-B182-FE258EC8152B}"
EndProject
Project("{FAE04EC0-301F-11D3-BF4B-00C04F79EFBC}") = "Nog.Prayas.Data", "Nog.Prayas.Data\Nog.Prayas.Data.csproj", "{39C5D5B7-869C-422D-B1D5-B2C44F7490A4}"
EndProject
Project("{00D1A9C2-B5F0-4AF3-8072-F6C62B433612}") = "Ng_Prayas.Db", "Ng_Prayas.Db\Ng_Prayas.Db.sqlproj", "{C5E7C952-09F0-452D-A7E0-FE6BC400AE4C}"
EndProject
Global
	GlobalSection(SolutionConfigurationPlatforms) = preSolution
		Debug|Any CPU = Debug|Any CPU
		Release|Any CPU = Release|Any CPU
	EndGlobalSection
	GlobalSection(ProjectConfigurationPlatforms) = postSolution
		{A0D43A2B-6E40-4358-B182-FE258EC8152B}.Debug|Any CPU.ActiveCfg = Debug|Any CPU
		{A0D43A2B-6E40-4358-B182-FE258EC8152B}.Debug|Any CPU.Build.0 = Debug|Any CPU
		{A0D43A2B-6E40-4358-B182-FE258EC8152B}.Release|Any CPU.ActiveCfg = Release|Any CPU
		{A0D43A2B-6E40-4358-B182-FE258EC8152B}.Release|Any CPU.Build.0 = Release|Any CPU
		{39C5D5B7-869C-422D-B1D5-B2C44F7490A4}.Debug|Any CPU.ActiveCfg = Debug|Any CPU
		{39C5D5B7-869C-422D-B1D5-B2C44F7490A4}.Debug|Any CPU.Build.0 = Debug|Any CPU
		{39C5D5B7-869C-422D-B1D5-B2C44F7490A4}.Release|Any CPU.ActiveCfg = Release|Any CPU
		{39C5D5B7-869C-422D-B1D5-B2C44F7490A4}.Release|Any CPU.Build.0 = Release|Any CPU
		{C5E7C952-09F0-452D-A7E0-FE6BC400AE4C}.Debug|Any CPU.ActiveCfg = Debug|Any CPU
		{C5E7C952-09F0-452D-A7E0-FE6BC400AE4C}.Debug|Any CPU.Build.0 = Debug|Any CPU
		{C5E7C952-09F0-452D-A7E0-FE6BC400AE4C}.Debug|Any CPU.Deploy.0 = Debug|Any CPU
		{C5E7C952-09F0-452D-A7E0-FE6BC400AE4C}.Release|Any CPU.ActiveCfg = Release|Any CPU
		{C5E7C952-09F0-452D-A7E0-FE6BC400AE4C}.Release|Any CPU.Build.0 = Release|Any CPU
		{C5E7C952-09F0-452D-A7E0-FE6BC400AE4C}.Release|Any CPU.Deploy.0 = Release|Any CPU
	EndGlobalSection
	GlobalSection(SolutionProperties) = preSolution
		HideSolutionNode = FALSE
	EndGlobalSection
	GlobalSection(ExtensibilityGlobals) = postSolution
		SolutionGuid = {0E2A1766-BA81-403A-A9A1-A599E164381D}
	EndGlobalSection
EndGlobal
